# THIS IS AN AUTOGENERATED FILE. DO NOT EDIT THIS FILE DIRECTLY.
# yarn lockfile v1


"@types/node@*":
  version "10.1.1"
  resolved "https://registry.yarnpkg.com/@types/node/-/node-10.1.1.tgz#ca39d8607fa1fcb146b0530420b93f1dd4802f6c"

"@types/snekfetch@^3.6.0":
  version "3.6.0"
  resolved "https://registry.yarnpkg.com/@types/snekfetch/-/snekfetch-3.6.0.tgz#bb546e0a344b57d5b2d1925cfb337e3d978e68d1"
  dependencies:
    "@types/node" "*"

snekfetch@^3.6.4:
  version "3.6.4"
  resolved "https://registry.yarnpkg.com/snekfetch/-/snekfetch-3.6.4.tgz#d13e80a616d892f3d38daae4289f4d258a645120"

typescript@^2.8.1:
  version "2.8.3"
  resolved "https://registry.yarnpkg.com/typescript/-/typescript-2.8.3.tgz#5d817f9b6f31bb871835f4edf0089f21abe6c170"
